
Microsoft Visual Studio Solution File, Format Version 12.00
# Visual Studio Version 17
VisualStudioVersion = 17.5.002.0
MinimumVisualStudioVersion = 10.0.40219.1
Project("{9A19103F-16F7-4668-BE54-9A1E7A4F7556}") = "backend_level_up", "backend_level_up\backend_level_up.csproj", "{AFD9F466-901D-468D-91D8-8149EB91A515}"
EndProject
Global
	GlobalSection(SolutionConfigurationPlatforms) = preSolution
		Debug|Any CPU = Debug|Any CPU
		Release|Any CPU = Release|Any CPU
	EndGlobalSection
	GlobalSection(ProjectConfigurationPlatforms) = postSolution
		{AFD9F466-901D-468D-91D8-8149EB91A515}.Debug|Any CPU.ActiveCfg = Debug|Any CPU
		{AFD9F466-901D-468D-91D8-8149EB91A515}.Debug|Any CPU.Build.0 = Debug|Any CPU
		{AFD9F466-901D-468D-91D8-8149EB91A515}.Release|Any CPU.ActiveCfg = Release|Any CPU
		{AFD9F466-901D-468D-91D8-8149EB91A515}.Release|Any CPU.Build.0 = Release|Any CPU
	EndGlobalSection
	GlobalSection(SolutionProperties) = preSolution
		HideSolutionNode = FALSE
	EndGlobalSection
	GlobalSection(ExtensibilityGlobals) = postSolution
		SolutionGuid = {87796DD3-7094-445B-815F-36528826FE7C}
	EndGlobalSection
EndGlobal
